
Microsoft Visual Studio Solution File, Format Version 12.00
# Visual Studio Version 16
VisualStudioVersion = 16.0.28705.295
MinimumVisualStudioVersion = 10.0.40219.1
Project("{9A19103F-16F7-4668-BE54-9A1E7A4F7556}") = "Common", "Common\Common.csproj", "{4E4690ED-7853-40E1-8C87-A6734C22A043}"
EndProject
Project("{9A19103F-16F7-4668-BE54-9A1E7A4F7556}") = "EventBus", "EventBus\EventBus.csproj", "{7FB00ADA-48DB-416C-A3B8-87FD048583B6}"
EndProject
Project("{9A19103F-16F7-4668-BE54-9A1E7A4F7556}") = "EntryPoint", "EntryPoint\EntryPoint.csproj", "{07D52500-E1E4-4B41-AC02-EE1901510F44}"
EndProject
Project("{9A19103F-16F7-4668-BE54-9A1E7A4F7556}") = "EntryPoint.Domain", "EntryPoint.Domain\EntryPoint.Domain.csproj", "{2CD1A980-8E99-4721-8F1B-F6832908BC3E}"
EndProject
Project("{9A19103F-16F7-4668-BE54-9A1E7A4F7556}") = "EntryPoint.Infrastructure", "EntryPoint.Infrastructure\EntryPoint.Infrastructure.csproj", "{C1861A54-99C6-44E7-A6A8-388AA79B3EE1}"
EndProject
Project("{2150E333-8FDC-42A3-9474-1A3956D46DE8}") = "Solution Items", "Solution Items", "{35AD0362-044E-46A3-834E-F67102D106DD}"
	ProjectSection(SolutionItems) = preProject
		.editorconfig = .editorconfig
		docker-compose.yml = docker-compose.yml
	EndProjectSection
EndProject
Project("{9A19103F-16F7-4668-BE54-9A1E7A4F7556}") = "IntegrationEventLog", "IntegrationEventLog\IntegrationEventLog.csproj", "{7E66F6C8-B54A-48F0-8724-CAABEF889997}"
EndProject
Project("{9A19103F-16F7-4668-BE54-9A1E7A4F7556}") = "EventBus.RabbitMQ", "EventBus.RabbitMQ\EventBus.RabbitMQ.csproj", "{F2F07D25-DFCF-4D72-9B2B-D7DA0D1F733E}"
EndProject
Project("{9A19103F-16F7-4668-BE54-9A1E7A4F7556}") = "Audit", "Audit\Audit.csproj", "{AB857136-95B0-4B5C-8797-4452A60C7376}"
EndProject
Global
	GlobalSection(SolutionConfigurationPlatforms) = preSolution
		Debug|Any CPU = Debug|Any CPU
		Release|Any CPU = Release|Any CPU
	EndGlobalSection
	GlobalSection(ProjectConfigurationPlatforms) = postSolution
		{4E4690ED-7853-40E1-8C87-A6734C22A043}.Debug|Any CPU.ActiveCfg = Debug|Any CPU
		{4E4690ED-7853-40E1-8C87-A6734C22A043}.Debug|Any CPU.Build.0 = Debug|Any CPU
		{4E4690ED-7853-40E1-8C87-A6734C22A043}.Release|Any CPU.ActiveCfg = Release|Any CPU
		{4E4690ED-7853-40E1-8C87-A6734C22A043}.Release|Any CPU.Build.0 = Release|Any CPU
		{7FB00ADA-48DB-416C-A3B8-87FD048583B6}.Debug|Any CPU.ActiveCfg = Debug|Any CPU
		{7FB00ADA-48DB-416C-A3B8-87FD048583B6}.Debug|Any CPU.Build.0 = Debug|Any CPU
		{7FB00ADA-48DB-416C-A3B8-87FD048583B6}.Release|Any CPU.ActiveCfg = Release|Any CPU
		{7FB00ADA-48DB-416C-A3B8-87FD048583B6}.Release|Any CPU.Build.0 = Release|Any CPU
		{07D52500-E1E4-4B41-AC02-EE1901510F44}.Debug|Any CPU.ActiveCfg = Debug|Any CPU
		{07D52500-E1E4-4B41-AC02-EE1901510F44}.Debug|Any CPU.Build.0 = Debug|Any CPU
		{07D52500-E1E4-4B41-AC02-EE1901510F44}.Release|Any CPU.ActiveCfg = Release|Any CPU
		{07D52500-E1E4-4B41-AC02-EE1901510F44}.Release|Any CPU.Build.0 = Release|Any CPU
		{2CD1A980-8E99-4721-8F1B-F6832908BC3E}.Debug|Any CPU.ActiveCfg = Debug|Any CPU
		{2CD1A980-8E99-4721-8F1B-F6832908BC3E}.Debug|Any CPU.Build.0 = Debug|Any CPU
		{2CD1A980-8E99-4721-8F1B-F6832908BC3E}.Release|Any CPU.ActiveCfg = Release|Any CPU
		{2CD1A980-8E99-4721-8F1B-F6832908BC3E}.Release|Any CPU.Build.0 = Release|Any CPU
		{C1861A54-99C6-44E7-A6A8-388AA79B3EE1}.Debug|Any CPU.ActiveCfg = Debug|Any CPU
		{C1861A54-99C6-44E7-A6A8-388AA79B3EE1}.Debug|Any CPU.Build.0 = Debug|Any CPU
		{C1861A54-99C6-44E7-A6A8-388AA79B3EE1}.Release|Any CPU.ActiveCfg = Release|Any CPU
		{C1861A54-99C6-44E7-A6A8-388AA79B3EE1}.Release|Any CPU.Build.0 = Release|Any CPU
		{7E66F6C8-B54A-48F0-8724-CAABEF889997}.Debug|Any CPU.ActiveCfg = Debug|Any CPU
		{7E66F6C8-B54A-48F0-8724-CAABEF889997}.Debug|Any CPU.Build.0 = Debug|Any CPU
		{7E66F6C8-B54A-48F0-8724-CAABEF889997}.Release|Any CPU.ActiveCfg = Release|Any CPU
		{7E66F6C8-B54A-48F0-8724-CAABEF889997}.Release|Any CPU.Build.0 = Release|Any CPU
		{F2F07D25-DFCF-4D72-9B2B-D7DA0D1F733E}.Debug|Any CPU.ActiveCfg = Debug|Any CPU
		{F2F07D25-DFCF-4D72-9B2B-D7DA0D1F733E}.Debug|Any CPU.Build.0 = Debug|Any CPU
		{F2F07D25-DFCF-4D72-9B2B-D7DA0D1F733E}.Release|Any CPU.ActiveCfg = Release|Any CPU
		{F2F07D25-DFCF-4D72-9B2B-D7DA0D1F733E}.Release|Any CPU.Build.0 = Release|Any CPU
		{AB857136-95B0-4B5C-8797-4452A60C7376}.Debug|Any CPU.ActiveCfg = Debug|Any CPU
		{AB857136-95B0-4B5C-8797-4452A60C7376}.Debug|Any CPU.Build.0 = Debug|Any CPU
		{AB857136-95B0-4B5C-8797-4452A60C7376}.Release|Any CPU.ActiveCfg = Release|Any CPU
		{AB857136-95B0-4B5C-8797-4452A60C7376}.Release|Any CPU.Build.0 = Release|Any CPU
	EndGlobalSection
	GlobalSection(SolutionProperties) = preSolution
		HideSolutionNode = FALSE
	EndGlobalSection
	GlobalSection(ExtensibilityGlobals) = postSolution
		SolutionGuid = {0B19F3B1-01D0-4EAF-B069-CACB76F457E2}
	EndGlobalSection
EndGlobal
