
Microsoft Visual Studio Solution File, Format Version 12.00
# Visual Studio Version 16
VisualStudioVersion = 16.0.28714.193
MinimumVisualStudioVersion = 15.0.26124.0
Project("{2150E333-8FDC-42A3-9474-1A3956D46DE8}") = "Orders", "Orders", "{2CB135ED-CE36-43EC-9299-D389B6FB3EB9}"
EndProject
Project("{9A19103F-16F7-4668-BE54-9A1E7A4F7556}") = "Orders", "Orders\Orders\Orders.csproj", "{73F36AAE-0C45-42FF-812B-785848CF1488}"
EndProject
Project("{9A19103F-16F7-4668-BE54-9A1E7A4F7556}") = "Orders.Domain", "Orders\Orders.Domain\Orders.Domain.csproj", "{4457ADDC-1606-4BE3-816F-FBCFD31F2EAB}"
EndProject
Project("{9A19103F-16F7-4668-BE54-9A1E7A4F7556}") = "Orders.Infrastructure", "Orders\Orders.Infrastructure\Orders.Infrastructure.csproj", "{B98B8203-63A7-446D-9945-C0FB8E792C6B}"
EndProject
Project("{9A19103F-16F7-4668-BE54-9A1E7A4F7556}") = "EventBus", "EventBus\EventBus.csproj", "{DF5F4CE5-CDEE-4063-B11C-DBDB7FA3A199}"
EndProject
Project("{9A19103F-16F7-4668-BE54-9A1E7A4F7556}") = "EventBus.RabbitMQ", "EventBus.RabbitMQ\EventBus.RabbitMQ.csproj", "{EDCBB4F4-83AA-4108-899B-E37DFFEC92EA}"
EndProject
Project("{9A19103F-16F7-4668-BE54-9A1E7A4F7556}") = "IntegrationEventLog", "IntegrationEventLog\IntegrationEventLog.csproj", "{9AD5B646-3C42-4641-AD74-067EC3BB0BC7}"
EndProject
Project("{2150E333-8FDC-42A3-9474-1A3956D46DE8}") = "Auth", "Auth", "{EA2097BC-1D22-4E71-9602-F19A092D9CF4}"
EndProject
Project("{2150E333-8FDC-42A3-9474-1A3956D46DE8}") = "_Solution Items", "_Solution Items", "{6E744D14-8F3C-4806-BEB5-39134DABB8DD}"
	ProjectSection(SolutionItems) = preProject
		.dockerignore = .dockerignore
		.editorconfig = .editorconfig
		.gitattributes = .gitattributes
		.gitignore = .gitignore
		docker-compose.local.yml = docker-compose.local.yml
		docker-compose.yml = docker-compose.yml
		README.md = README.md
		seed_db.bat = seed_db.bat
		seed_db.sh = seed_db.sh
		seed_db_sql.sh = seed_db_sql.sh
	EndProjectSection
EndProject
Project("{2150E333-8FDC-42A3-9474-1A3956D46DE8}") = "Users", "Users", "{4586149F-0E38-4388-AE90-217198364636}"
EndProject
Project("{9A19103F-16F7-4668-BE54-9A1E7A4F7556}") = "Users", "Users\Users\Users.csproj", "{AD2DEF79-F9D8-48FB-BB29-A34D48A4311A}"
EndProject
Project("{9A19103F-16F7-4668-BE54-9A1E7A4F7556}") = "Identity", "Auth\Identity\Identity.csproj", "{65C2CDE7-F5F1-474B-A365-8B8C9EEA53D3}"
EndProject
Project("{9A19103F-16F7-4668-BE54-9A1E7A4F7556}") = "Users.Client", "Users\Users.Client\Users.Client.csproj", "{8B4337C4-A7A5-4F46-B4F4-AF68085659C3}"
EndProject
Project("{9A19103F-16F7-4668-BE54-9A1E7A4F7556}") = "Orders.Client", "Orders\Orders.Client\Orders.Client.csproj", "{79C52F5F-A36A-47CF-BE17-6C0C556B2CF6}"
EndProject
Project("{9A19103F-16F7-4668-BE54-9A1E7A4F7556}") = "BFF", "BFF\BFF.csproj", "{323A30B2-B762-4BAA-A25E-31A7C2E826B0}"
EndProject
Project("{9A19103F-16F7-4668-BE54-9A1E7A4F7556}") = "Clients.Common", "Clients.Common\Clients.Common.csproj", "{32B2C07D-515F-40E6-A113-F9AA53791D05}"
EndProject
Global
	GlobalSection(SolutionConfigurationPlatforms) = preSolution
		Debug|Any CPU = Debug|Any CPU
		Debug|x64 = Debug|x64
		Debug|x86 = Debug|x86
		Release|Any CPU = Release|Any CPU
		Release|x64 = Release|x64
		Release|x86 = Release|x86
	EndGlobalSection
	GlobalSection(ProjectConfigurationPlatforms) = postSolution
		{73F36AAE-0C45-42FF-812B-785848CF1488}.Debug|Any CPU.ActiveCfg = Debug|Any CPU
		{73F36AAE-0C45-42FF-812B-785848CF1488}.Debug|Any CPU.Build.0 = Debug|Any CPU
		{73F36AAE-0C45-42FF-812B-785848CF1488}.Debug|x64.ActiveCfg = Debug|Any CPU
		{73F36AAE-0C45-42FF-812B-785848CF1488}.Debug|x64.Build.0 = Debug|Any CPU
		{73F36AAE-0C45-42FF-812B-785848CF1488}.Debug|x86.ActiveCfg = Debug|Any CPU
		{73F36AAE-0C45-42FF-812B-785848CF1488}.Debug|x86.Build.0 = Debug|Any CPU
		{73F36AAE-0C45-42FF-812B-785848CF1488}.Release|Any CPU.ActiveCfg = Release|Any CPU
		{73F36AAE-0C45-42FF-812B-785848CF1488}.Release|Any CPU.Build.0 = Release|Any CPU
		{73F36AAE-0C45-42FF-812B-785848CF1488}.Release|x64.ActiveCfg = Release|Any CPU
		{73F36AAE-0C45-42FF-812B-785848CF1488}.Release|x64.Build.0 = Release|Any CPU
		{73F36AAE-0C45-42FF-812B-785848CF1488}.Release|x86.ActiveCfg = Release|Any CPU
		{73F36AAE-0C45-42FF-812B-785848CF1488}.Release|x86.Build.0 = Release|Any CPU
		{4457ADDC-1606-4BE3-816F-FBCFD31F2EAB}.Debug|Any CPU.ActiveCfg = Debug|Any CPU
		{4457ADDC-1606-4BE3-816F-FBCFD31F2EAB}.Debug|Any CPU.Build.0 = Debug|Any CPU
		{4457ADDC-1606-4BE3-816F-FBCFD31F2EAB}.Debug|x64.ActiveCfg = Debug|Any CPU
		{4457ADDC-1606-4BE3-816F-FBCFD31F2EAB}.Debug|x64.Build.0 = Debug|Any CPU
		{4457ADDC-1606-4BE3-816F-FBCFD31F2EAB}.Debug|x86.ActiveCfg = Debug|Any CPU
		{4457ADDC-1606-4BE3-816F-FBCFD31F2EAB}.Debug|x86.Build.0 = Debug|Any CPU
		{4457ADDC-1606-4BE3-816F-FBCFD31F2EAB}.Release|Any CPU.ActiveCfg = Release|Any CPU
		{4457ADDC-1606-4BE3-816F-FBCFD31F2EAB}.Release|Any CPU.Build.0 = Release|Any CPU
		{4457ADDC-1606-4BE3-816F-FBCFD31F2EAB}.Release|x64.ActiveCfg = Release|Any CPU
		{4457ADDC-1606-4BE3-816F-FBCFD31F2EAB}.Release|x64.Build.0 = Release|Any CPU
		{4457ADDC-1606-4BE3-816F-FBCFD31F2EAB}.Release|x86.ActiveCfg = Release|Any CPU
		{4457ADDC-1606-4BE3-816F-FBCFD31F2EAB}.Release|x86.Build.0 = Release|Any CPU
		{B98B8203-63A7-446D-9945-C0FB8E792C6B}.Debug|Any CPU.ActiveCfg = Debug|Any CPU
		{B98B8203-63A7-446D-9945-C0FB8E792C6B}.Debug|Any CPU.Build.0 = Debug|Any CPU
		{B98B8203-63A7-446D-9945-C0FB8E792C6B}.Debug|x64.ActiveCfg = Debug|Any CPU
		{B98B8203-63A7-446D-9945-C0FB8E792C6B}.Debug|x64.Build.0 = Debug|Any CPU
		{B98B8203-63A7-446D-9945-C0FB8E792C6B}.Debug|x86.ActiveCfg = Debug|Any CPU
		{B98B8203-63A7-446D-9945-C0FB8E792C6B}.Debug|x86.Build.0 = Debug|Any CPU
		{B98B8203-63A7-446D-9945-C0FB8E792C6B}.Release|Any CPU.ActiveCfg = Release|Any CPU
		{B98B8203-63A7-446D-9945-C0FB8E792C6B}.Release|Any CPU.Build.0 = Release|Any CPU
		{B98B8203-63A7-446D-9945-C0FB8E792C6B}.Release|x64.ActiveCfg = Release|Any CPU
		{B98B8203-63A7-446D-9945-C0FB8E792C6B}.Release|x64.Build.0 = Release|Any CPU
		{B98B8203-63A7-446D-9945-C0FB8E792C6B}.Release|x86.ActiveCfg = Release|Any CPU
		{B98B8203-63A7-446D-9945-C0FB8E792C6B}.Release|x86.Build.0 = Release|Any CPU
		{DF5F4CE5-CDEE-4063-B11C-DBDB7FA3A199}.Debug|Any CPU.ActiveCfg = Debug|Any CPU
		{DF5F4CE5-CDEE-4063-B11C-DBDB7FA3A199}.Debug|Any CPU.Build.0 = Debug|Any CPU
		{DF5F4CE5-CDEE-4063-B11C-DBDB7FA3A199}.Debug|x64.ActiveCfg = Debug|Any CPU
		{DF5F4CE5-CDEE-4063-B11C-DBDB7FA3A199}.Debug|x64.Build.0 = Debug|Any CPU
		{DF5F4CE5-CDEE-4063-B11C-DBDB7FA3A199}.Debug|x86.ActiveCfg = Debug|Any CPU
		{DF5F4CE5-CDEE-4063-B11C-DBDB7FA3A199}.Debug|x86.Build.0 = Debug|Any CPU
		{DF5F4CE5-CDEE-4063-B11C-DBDB7FA3A199}.Release|Any CPU.ActiveCfg = Release|Any CPU
		{DF5F4CE5-CDEE-4063-B11C-DBDB7FA3A199}.Release|Any CPU.Build.0 = Release|Any CPU
		{DF5F4CE5-CDEE-4063-B11C-DBDB7FA3A199}.Release|x64.ActiveCfg = Release|Any CPU
		{DF5F4CE5-CDEE-4063-B11C-DBDB7FA3A199}.Release|x64.Build.0 = Release|Any CPU
		{DF5F4CE5-CDEE-4063-B11C-DBDB7FA3A199}.Release|x86.ActiveCfg = Release|Any CPU
		{DF5F4CE5-CDEE-4063-B11C-DBDB7FA3A199}.Release|x86.Build.0 = Release|Any CPU
		{EDCBB4F4-83AA-4108-899B-E37DFFEC92EA}.Debug|Any CPU.ActiveCfg = Debug|Any CPU
		{EDCBB4F4-83AA-4108-899B-E37DFFEC92EA}.Debug|Any CPU.Build.0 = Debug|Any CPU
		{EDCBB4F4-83AA-4108-899B-E37DFFEC92EA}.Debug|x64.ActiveCfg = Debug|Any CPU
		{EDCBB4F4-83AA-4108-899B-E37DFFEC92EA}.Debug|x64.Build.0 = Debug|Any CPU
		{EDCBB4F4-83AA-4108-899B-E37DFFEC92EA}.Debug|x86.ActiveCfg = Debug|Any CPU
		{EDCBB4F4-83AA-4108-899B-E37DFFEC92EA}.Debug|x86.Build.0 = Debug|Any CPU
		{EDCBB4F4-83AA-4108-899B-E37DFFEC92EA}.Release|Any CPU.ActiveCfg = Release|Any CPU
		{EDCBB4F4-83AA-4108-899B-E37DFFEC92EA}.Release|Any CPU.Build.0 = Release|Any CPU
		{EDCBB4F4-83AA-4108-899B-E37DFFEC92EA}.Release|x64.ActiveCfg = Release|Any CPU
		{EDCBB4F4-83AA-4108-899B-E37DFFEC92EA}.Release|x64.Build.0 = Release|Any CPU
		{EDCBB4F4-83AA-4108-899B-E37DFFEC92EA}.Release|x86.ActiveCfg = Release|Any CPU
		{EDCBB4F4-83AA-4108-899B-E37DFFEC92EA}.Release|x86.Build.0 = Release|Any CPU
		{9AD5B646-3C42-4641-AD74-067EC3BB0BC7}.Debug|Any CPU.ActiveCfg = Debug|Any CPU
		{9AD5B646-3C42-4641-AD74-067EC3BB0BC7}.Debug|Any CPU.Build.0 = Debug|Any CPU
		{9AD5B646-3C42-4641-AD74-067EC3BB0BC7}.Debug|x64.ActiveCfg = Debug|Any CPU
		{9AD5B646-3C42-4641-AD74-067EC3BB0BC7}.Debug|x64.Build.0 = Debug|Any CPU
		{9AD5B646-3C42-4641-AD74-067EC3BB0BC7}.Debug|x86.ActiveCfg = Debug|Any CPU
		{9AD5B646-3C42-4641-AD74-067EC3BB0BC7}.Debug|x86.Build.0 = Debug|Any CPU
		{9AD5B646-3C42-4641-AD74-067EC3BB0BC7}.Release|Any CPU.ActiveCfg = Release|Any CPU
		{9AD5B646-3C42-4641-AD74-067EC3BB0BC7}.Release|Any CPU.Build.0 = Release|Any CPU
		{9AD5B646-3C42-4641-AD74-067EC3BB0BC7}.Release|x64.ActiveCfg = Release|Any CPU
		{9AD5B646-3C42-4641-AD74-067EC3BB0BC7}.Release|x64.Build.0 = Release|Any CPU
		{9AD5B646-3C42-4641-AD74-067EC3BB0BC7}.Release|x86.ActiveCfg = Release|Any CPU
		{9AD5B646-3C42-4641-AD74-067EC3BB0BC7}.Release|x86.Build.0 = Release|Any CPU
		{AD2DEF79-F9D8-48FB-BB29-A34D48A4311A}.Debug|Any CPU.ActiveCfg = Debug|Any CPU
		{AD2DEF79-F9D8-48FB-BB29-A34D48A4311A}.Debug|Any CPU.Build.0 = Debug|Any CPU
		{AD2DEF79-F9D8-48FB-BB29-A34D48A4311A}.Debug|x64.ActiveCfg = Debug|Any CPU
		{AD2DEF79-F9D8-48FB-BB29-A34D48A4311A}.Debug|x64.Build.0 = Debug|Any CPU
		{AD2DEF79-F9D8-48FB-BB29-A34D48A4311A}.Debug|x86.ActiveCfg = Debug|Any CPU
		{AD2DEF79-F9D8-48FB-BB29-A34D48A4311A}.Debug|x86.Build.0 = Debug|Any CPU
		{AD2DEF79-F9D8-48FB-BB29-A34D48A4311A}.Release|Any CPU.ActiveCfg = Release|Any CPU
		{AD2DEF79-F9D8-48FB-BB29-A34D48A4311A}.Release|Any CPU.Build.0 = Release|Any CPU
		{AD2DEF79-F9D8-48FB-BB29-A34D48A4311A}.Release|x64.ActiveCfg = Release|Any CPU
		{AD2DEF79-F9D8-48FB-BB29-A34D48A4311A}.Release|x64.Build.0 = Release|Any CPU
		{AD2DEF79-F9D8-48FB-BB29-A34D48A4311A}.Release|x86.ActiveCfg = Release|Any CPU
		{AD2DEF79-F9D8-48FB-BB29-A34D48A4311A}.Release|x86.Build.0 = Release|Any CPU
		{65C2CDE7-F5F1-474B-A365-8B8C9EEA53D3}.Debug|Any CPU.ActiveCfg = Debug|Any CPU
		{65C2CDE7-F5F1-474B-A365-8B8C9EEA53D3}.Debug|Any CPU.Build.0 = Debug|Any CPU
		{65C2CDE7-F5F1-474B-A365-8B8C9EEA53D3}.Debug|x64.ActiveCfg = Debug|Any CPU
		{65C2CDE7-F5F1-474B-A365-8B8C9EEA53D3}.Debug|x64.Build.0 = Debug|Any CPU
		{65C2CDE7-F5F1-474B-A365-8B8C9EEA53D3}.Debug|x86.ActiveCfg = Debug|Any CPU
		{65C2CDE7-F5F1-474B-A365-8B8C9EEA53D3}.Debug|x86.Build.0 = Debug|Any CPU
		{65C2CDE7-F5F1-474B-A365-8B8C9EEA53D3}.Release|Any CPU.ActiveCfg = Release|Any CPU
		{65C2CDE7-F5F1-474B-A365-8B8C9EEA53D3}.Release|Any CPU.Build.0 = Release|Any CPU
		{65C2CDE7-F5F1-474B-A365-8B8C9EEA53D3}.Release|x64.ActiveCfg = Release|Any CPU
		{65C2CDE7-F5F1-474B-A365-8B8C9EEA53D3}.Release|x64.Build.0 = Release|Any CPU
		{65C2CDE7-F5F1-474B-A365-8B8C9EEA53D3}.Release|x86.ActiveCfg = Release|Any CPU
		{65C2CDE7-F5F1-474B-A365-8B8C9EEA53D3}.Release|x86.Build.0 = Release|Any CPU
		{8B4337C4-A7A5-4F46-B4F4-AF68085659C3}.Debug|Any CPU.ActiveCfg = Debug|Any CPU
		{8B4337C4-A7A5-4F46-B4F4-AF68085659C3}.Debug|Any CPU.Build.0 = Debug|Any CPU
		{8B4337C4-A7A5-4F46-B4F4-AF68085659C3}.Debug|x64.ActiveCfg = Debug|Any CPU
		{8B4337C4-A7A5-4F46-B4F4-AF68085659C3}.Debug|x64.Build.0 = Debug|Any CPU
		{8B4337C4-A7A5-4F46-B4F4-AF68085659C3}.Debug|x86.ActiveCfg = Debug|Any CPU
		{8B4337C4-A7A5-4F46-B4F4-AF68085659C3}.Debug|x86.Build.0 = Debug|Any CPU
		{8B4337C4-A7A5-4F46-B4F4-AF68085659C3}.Release|Any CPU.ActiveCfg = Release|Any CPU
		{8B4337C4-A7A5-4F46-B4F4-AF68085659C3}.Release|Any CPU.Build.0 = Release|Any CPU
		{8B4337C4-A7A5-4F46-B4F4-AF68085659C3}.Release|x64.ActiveCfg = Release|Any CPU
		{8B4337C4-A7A5-4F46-B4F4-AF68085659C3}.Release|x64.Build.0 = Release|Any CPU
		{8B4337C4-A7A5-4F46-B4F4-AF68085659C3}.Release|x86.ActiveCfg = Release|Any CPU
		{8B4337C4-A7A5-4F46-B4F4-AF68085659C3}.Release|x86.Build.0 = Release|Any CPU
		{79C52F5F-A36A-47CF-BE17-6C0C556B2CF6}.Debug|Any CPU.ActiveCfg = Debug|Any CPU
		{79C52F5F-A36A-47CF-BE17-6C0C556B2CF6}.Debug|Any CPU.Build.0 = Debug|Any CPU
		{79C52F5F-A36A-47CF-BE17-6C0C556B2CF6}.Debug|x64.ActiveCfg = Debug|Any CPU
		{79C52F5F-A36A-47CF-BE17-6C0C556B2CF6}.Debug|x64.Build.0 = Debug|Any CPU
		{79C52F5F-A36A-47CF-BE17-6C0C556B2CF6}.Debug|x86.ActiveCfg = Debug|Any CPU
		{79C52F5F-A36A-47CF-BE17-6C0C556B2CF6}.Debug|x86.Build.0 = Debug|Any CPU
		{79C52F5F-A36A-47CF-BE17-6C0C556B2CF6}.Release|Any CPU.ActiveCfg = Release|Any CPU
		{79C52F5F-A36A-47CF-BE17-6C0C556B2CF6}.Release|Any CPU.Build.0 = Release|Any CPU
		{79C52F5F-A36A-47CF-BE17-6C0C556B2CF6}.Release|x64.ActiveCfg = Release|Any CPU
		{79C52F5F-A36A-47CF-BE17-6C0C556B2CF6}.Release|x64.Build.0 = Release|Any CPU
		{79C52F5F-A36A-47CF-BE17-6C0C556B2CF6}.Release|x86.ActiveCfg = Release|Any CPU
		{79C52F5F-A36A-47CF-BE17-6C0C556B2CF6}.Release|x86.Build.0 = Release|Any CPU
		{323A30B2-B762-4BAA-A25E-31A7C2E826B0}.Debug|Any CPU.ActiveCfg = Debug|Any CPU
		{323A30B2-B762-4BAA-A25E-31A7C2E826B0}.Debug|Any CPU.Build.0 = Debug|Any CPU
		{323A30B2-B762-4BAA-A25E-31A7C2E826B0}.Debug|x64.ActiveCfg = Debug|Any CPU
		{323A30B2-B762-4BAA-A25E-31A7C2E826B0}.Debug|x64.Build.0 = Debug|Any CPU
		{323A30B2-B762-4BAA-A25E-31A7C2E826B0}.Debug|x86.ActiveCfg = Debug|Any CPU
		{323A30B2-B762-4BAA-A25E-31A7C2E826B0}.Debug|x86.Build.0 = Debug|Any CPU
		{323A30B2-B762-4BAA-A25E-31A7C2E826B0}.Release|Any CPU.ActiveCfg = Release|Any CPU
		{323A30B2-B762-4BAA-A25E-31A7C2E826B0}.Release|Any CPU.Build.0 = Release|Any CPU
		{323A30B2-B762-4BAA-A25E-31A7C2E826B0}.Release|x64.ActiveCfg = Release|Any CPU
		{323A30B2-B762-4BAA-A25E-31A7C2E826B0}.Release|x64.Build.0 = Release|Any CPU
		{323A30B2-B762-4BAA-A25E-31A7C2E826B0}.Release|x86.ActiveCfg = Release|Any CPU
		{323A30B2-B762-4BAA-A25E-31A7C2E826B0}.Release|x86.Build.0 = Release|Any CPU
		{32B2C07D-515F-40E6-A113-F9AA53791D05}.Debug|Any CPU.ActiveCfg = Debug|Any CPU
		{32B2C07D-515F-40E6-A113-F9AA53791D05}.Debug|Any CPU.Build.0 = Debug|Any CPU
		{32B2C07D-515F-40E6-A113-F9AA53791D05}.Debug|x64.ActiveCfg = Debug|Any CPU
		{32B2C07D-515F-40E6-A113-F9AA53791D05}.Debug|x64.Build.0 = Debug|Any CPU
		{32B2C07D-515F-40E6-A113-F9AA53791D05}.Debug|x86.ActiveCfg = Debug|Any CPU
		{32B2C07D-515F-40E6-A113-F9AA53791D05}.Debug|x86.Build.0 = Debug|Any CPU
		{32B2C07D-515F-40E6-A113-F9AA53791D05}.Release|Any CPU.ActiveCfg = Release|Any CPU
		{32B2C07D-515F-40E6-A113-F9AA53791D05}.Release|Any CPU.Build.0 = Release|Any CPU
		{32B2C07D-515F-40E6-A113-F9AA53791D05}.Release|x64.ActiveCfg = Release|Any CPU
		{32B2C07D-515F-40E6-A113-F9AA53791D05}.Release|x64.Build.0 = Release|Any CPU
		{32B2C07D-515F-40E6-A113-F9AA53791D05}.Release|x86.ActiveCfg = Release|Any CPU
		{32B2C07D-515F-40E6-A113-F9AA53791D05}.Release|x86.Build.0 = Release|Any CPU
	EndGlobalSection
	GlobalSection(SolutionProperties) = preSolution
		HideSolutionNode = FALSE
	EndGlobalSection
	GlobalSection(NestedProjects) = preSolution
		{73F36AAE-0C45-42FF-812B-785848CF1488} = {2CB135ED-CE36-43EC-9299-D389B6FB3EB9}
		{4457ADDC-1606-4BE3-816F-FBCFD31F2EAB} = {2CB135ED-CE36-43EC-9299-D389B6FB3EB9}
		{B98B8203-63A7-446D-9945-C0FB8E792C6B} = {2CB135ED-CE36-43EC-9299-D389B6FB3EB9}
		{AD2DEF79-F9D8-48FB-BB29-A34D48A4311A} = {4586149F-0E38-4388-AE90-217198364636}
		{65C2CDE7-F5F1-474B-A365-8B8C9EEA53D3} = {EA2097BC-1D22-4E71-9602-F19A092D9CF4}
		{8B4337C4-A7A5-4F46-B4F4-AF68085659C3} = {4586149F-0E38-4388-AE90-217198364636}
		{79C52F5F-A36A-47CF-BE17-6C0C556B2CF6} = {2CB135ED-CE36-43EC-9299-D389B6FB3EB9}
	EndGlobalSection
	GlobalSection(ExtensibilityGlobals) = postSolution
		SolutionGuid = {5A4663DF-A23D-4894-9AD5-A578CE287DF5}
	EndGlobalSection
EndGlobal
